
Microsoft Visual Studio Solution File, Format Version 12.00
# Visual Studio 15
VisualStudioVersion = 15.0.27130.0
MinimumVisualStudioVersion = 10.0.40219.1
Project("{FAE04EC0-301F-11D3-BF4B-00C04F79EFBC}") = "TeleTsap", "TeleTsap\TeleTsap.csproj", "{5452FECF-FF29-4198-B32D-AA3585734380}"
EndProject
Global
	GlobalSection(SolutionConfigurationPlatforms) = preSolution
		Debug|Any CPU = Debug|Any CPU
		Release|Any CPU = Release|Any CPU
	EndGlobalSection
	GlobalSection(ProjectConfigurationPlatforms) = postSolution
		{5452FECF-FF29-4198-B32D-AA3585734380}.Debug|Any CPU.ActiveCfg = Debug|Any CPU
		{5452FECF-FF29-4198-B32D-AA3585734380}.Debug|Any CPU.Build.0 = Debug|Any CPU
		{5452FECF-FF29-4198-B32D-AA3585734380}.Release|Any CPU.ActiveCfg = Release|Any CPU
		{5452FECF-FF29-4198-B32D-AA3585734380}.Release|Any CPU.Build.0 = Release|Any CPU
	EndGlobalSection
	GlobalSection(SolutionProperties) = preSolution
		HideSolutionNode = FALSE
	EndGlobalSection
	GlobalSection(ExtensibilityGlobals) = postSolution
		SolutionGuid = {E05D8E52-D5A2-49C5-9448-50EA0408E7B2}
	EndGlobalSection
EndGlobal
